
Microsoft Visual Studio Solution File, Format Version 12.00
# Visual Studio Version 17
VisualStudioVersion = 17.3.32811.315
MinimumVisualStudioVersion = 10.0.40219.1
Project("{FAE04EC0-301F-11D3-BF4B-00C04F79EFBC}") = "Prova04102022SistemasWeb", "Prova04102022SistemasWeb\Prova04102022SistemasWeb.csproj", "{6A98D249-176C-4D68-8887-B6D0189A32F3}"
EndProject
Global
	GlobalSection(SolutionConfigurationPlatforms) = preSolution
		Debug|Any CPU = Debug|Any CPU
		Release|Any CPU = Release|Any CPU
	EndGlobalSection
	GlobalSection(ProjectConfigurationPlatforms) = postSolution
		{6A98D249-176C-4D68-8887-B6D0189A32F3}.Debug|Any CPU.ActiveCfg = Debug|Any CPU
		{6A98D249-176C-4D68-8887-B6D0189A32F3}.Debug|Any CPU.Build.0 = Debug|Any CPU
		{6A98D249-176C-4D68-8887-B6D0189A32F3}.Release|Any CPU.ActiveCfg = Release|Any CPU
		{6A98D249-176C-4D68-8887-B6D0189A32F3}.Release|Any CPU.Build.0 = Release|Any CPU
	EndGlobalSection
	GlobalSection(SolutionProperties) = preSolution
		HideSolutionNode = FALSE
	EndGlobalSection
	GlobalSection(ExtensibilityGlobals) = postSolution
		SolutionGuid = {C2F6161F-7E7E-45CA-95B8-364A2637D9CF}
	EndGlobalSection
EndGlobal
